
Microsoft Visual Studio Solution File, Format Version 12.00
# Visual Studio 15
VisualStudioVersion = 15.0.28010.2026
MinimumVisualStudioVersion = 10.0.40219.1
Project("{9A19103F-16F7-4668-BE54-9A1E7A4F7556}") = "BlackduckNugetInspector", "BlackduckNugetInspector\BlackduckNugetInspector.csproj", "{AEDCF063-2341-465D-B256-39125610E39B}"
EndProject
Global
	GlobalSection(SolutionConfigurationPlatforms) = preSolution
		Debug|Any CPU = Debug|Any CPU
		Release|Any CPU = Release|Any CPU
	EndGlobalSection
	GlobalSection(ProjectConfigurationPlatforms) = postSolution
		{AEDCF063-2341-465D-B256-39125610E39B}.Debug|Any CPU.ActiveCfg = Debug|Any CPU
		{AEDCF063-2341-465D-B256-39125610E39B}.Debug|Any CPU.Build.0 = Debug|Any CPU
		{AEDCF063-2341-465D-B256-39125610E39B}.Release|Any CPU.ActiveCfg = Release|Any CPU
		{AEDCF063-2341-465D-B256-39125610E39B}.Release|Any CPU.Build.0 = Release|Any CPU
	EndGlobalSection
	GlobalSection(SolutionProperties) = preSolution
		HideSolutionNode = FALSE
	EndGlobalSection
	GlobalSection(ExtensibilityGlobals) = postSolution
		SolutionGuid = {03F9A9FE-CEC0-4241-B906-091143373C97}
	EndGlobalSection
EndGlobal
